
Microsoft Visual Studio Solution File, Format Version 12.00
# Visual Studio Version 17
VisualStudioVersion = 17.6.33829.357
MinimumVisualStudioVersion = 10.0.40219.1
Project("{FAE04EC0-301F-11D3-BF4B-00C04F79EFBC}") = "LoginMVCApp", "LoginMVCApp\LoginMVCApp.csproj", "{37B07884-0671-476B-B1BE-8645B08AA954}"
EndProject
Global
	GlobalSection(SolutionConfigurationPlatforms) = preSolution
		Debug|Any CPU = Debug|Any CPU
		Release|Any CPU = Release|Any CPU
	EndGlobalSection
	GlobalSection(ProjectConfigurationPlatforms) = postSolution
		{37B07884-0671-476B-B1BE-8645B08AA954}.Debug|Any CPU.ActiveCfg = Debug|Any CPU
		{37B07884-0671-476B-B1BE-8645B08AA954}.Debug|Any CPU.Build.0 = Debug|Any CPU
		{37B07884-0671-476B-B1BE-8645B08AA954}.Release|Any CPU.ActiveCfg = Release|Any CPU
		{37B07884-0671-476B-B1BE-8645B08AA954}.Release|Any CPU.Build.0 = Release|Any CPU
	EndGlobalSection
	GlobalSection(SolutionProperties) = preSolution
		HideSolutionNode = FALSE
	EndGlobalSection
	GlobalSection(ExtensibilityGlobals) = postSolution
		SolutionGuid = {A1BDA9DE-87C3-4DC6-AE19-28C99CBF438C}
	EndGlobalSection
EndGlobal
